// !$*UTF8*$!
{
	archiveVersion = 1;
	classes = {
	};
	objectVersion = 50;
	objects = {

/* Begin PBXBuildFile section */
		3E079D02C1FE0D74DD14F866 /* Pods_TestProjDemo1UITests.framework in Frameworks */ = {isa = PBXBuildFile; fileRef = CD91D401A813BFC7999E7AE4 /* Pods_TestProjDemo1UITests.framework */; };
		559687B28904BE98508FB36A /* Pods_TestProjDemo1.framework in Frameworks */ = {isa = PBXBuildFile; fileRef = 984E9CB9E1ED11A9A48AD9A8 /* Pods_TestProjDemo1.framework */; };
		9342C73F2156F46400CB4EAD /* AppDelegate.swift in Sources */ = {isa = PBXBuildFile; fileRef = 9342C73E2156F46400CB4EAD /* AppDelegate.swift */; };
		9342C7412156F46400CB4EAD /* ViewController.swift in Sources */ = {isa = PBXBuildFile; fileRef = 9342C7402156F46400CB4EAD /* ViewController.swift */; };
		9342C7442156F46400CB4EAD /* Main.storyboard in Resources */ = {isa = PBXBuildFile; fileRef = 9342C7422156F46400CB4EAD /* Main.storyboard */; };
		9342C7462156F46400CB4EAD /* Assets.xcassets in Resources */ = {isa = PBXBuildFile; fileRef = 9342C7452156F46400CB4EAD /* Assets.xcassets */; };
		9342C7492156F46400CB4EAD /* LaunchScreen.storyboard in Resources */ = {isa = PBXBuildFile; fileRef = 9342C7472156F46400CB4EAD /* LaunchScreen.storyboard */; };
		9342C7542156F46500CB4EAD /* TestProjDemo1Tests.swift in Sources */ = {isa = PBXBuildFile; fileRef = 9342C7532156F46500CB4EAD /* TestProjDemo1Tests.swift */; };
		9342C75F2156F46500CB4EAD /* TestProjDemo1UITests.swift in Sources */ = {isa = PBXBuildFile; fileRef = 9342C75E2156F46500CB4EAD /* TestProjDemo1UITests.swift */; };
		C28697BA088624489586C972 /* Pods_TestProjDemo1Tests.framework in Frameworks */ = {isa = PBXBuildFile; fileRef = 6666B91F8518BD8D3A7AC803 /* Pods_TestProjDemo1Tests.framework */; };
/* End PBXBuildFile section */

/* Begin PBXContainerItemProxy section */
		9342C7502156F46500CB4EAD /* PBXContainerItemProxy */ = {
			isa = PBXContainerItemProxy;
			containerPortal = 9342C7332156F46400CB4EAD /* Project object */;
			proxyType = 1;
			remoteGlobalIDString = 9342C73A2156F46400CB4EAD;
			remoteInfo = TestProjDemo1;
		};
		9342C75B2156F46500CB4EAD /* PBXContainerItemProxy */ = {
			isa = PBXContainerItemProxy;
			containerPortal = 9342C7332156F46400CB4EAD /* Project object */;
			proxyType = 1;
			remoteGlobalIDString = 9342C73A2156F46400CB4EAD;
			remoteInfo = TestProjDemo1;
		};
/* End PBXContainerItemProxy section */

/* Begin PBXFileReference section */
		036C1CAADA18EFC901C84B72 /* Pods-TestProjDemo1Tests.debug.xcconfig */ = {isa = PBXFileReference; includeInIndex = 1; lastKnownFileType = text.xcconfig; name = "Pods-TestProjDemo1Tests.debug.xcconfig"; path = "Pods/Target Support Files/Pods-TestProjDemo1Tests/Pods-TestProjDemo1Tests.debug.xcconfig"; sourceTree = "<group>"; };
		16B9CBEF2D5FAF30A6CD2C2C /* Pods-TestProjDemo1Tests.release.xcconfig */ = {isa = PBXFileReference; includeInIndex = 1; lastKnownFileType = text.xcconfig; name = "Pods-TestProjDemo1Tests.release.xcconfig"; path = "Pods/Target Support Files/Pods-TestProjDemo1Tests/Pods-TestProjDemo1Tests.release.xcconfig"; sourceTree = "<group>"; };
		2B33EDAB6E404934EB92ABDE /* Pods-TestProjDemo1.release.xcconfig */ = {isa = PBXFileReference; includeInIndex = 1; lastKnownFileType = text.xcconfig; name = "Pods-TestProjDemo1.release.xcconfig"; path = "Pods/Target Support Files/Pods-TestProjDemo1/Pods-TestProjDemo1.release.xcconfig"; sourceTree = "<group>"; };
		63864433C5DD79AD09B16B6A /* Pods-TestProjDemo1UITests.debug.xcconfig */ = {isa = PBXFileReference; includeInIndex = 1; lastKnownFileType = text.xcconfig; name = "Pods-TestProjDemo1UITests.debug.xcconfig"; path = "Pods/Target Support Files/Pods-TestProjDemo1UITests/Pods-TestProjDemo1UITests.debug.xcconfig"; sourceTree = "<group>"; };
		6666B91F8518BD8D3A7AC803 /* Pods_TestProjDemo1Tests.framework */ = {isa = PBXFileReference; explicitFileType = wrapper.framework; includeInIndex = 0; path = Pods_TestProjDemo1Tests.framework; sourceTree = BUILT_PRODUCTS_DIR; };
		9342C73B2156F46400CB4EAD /* TestProjDemo1.app */ = {isa = PBXFileReference; explicitFileType = wrapper.application; includeInIndex = 0; path = TestProjDemo1.app; sourceTree = BUILT_PRODUCTS_DIR; };
		9342C73E2156F46400CB4EAD /* AppDelegate.swift */ = {isa = PBXFileReference; lastKnownFileType = sourcecode.swift; path = AppDelegate.swift; sourceTree = "<group>"; };
		9342C7402156F46400CB4EAD /* ViewController.swift */ = {isa = PBXFileReference; lastKnownFileType = sourcecode.swift; path = ViewController.swift; sourceTree = "<group>"; };
		9342C7432156F46400CB4EAD /* Base */ = {isa = PBXFileReference; lastKnownFileType = file.storyboard; name = Base; path = Base.lproj/Main.storyboard; sourceTree = "<group>"; };
		9342C7452156F46400CB4EAD /* Assets.xcassets */ = {isa = PBXFileReference; lastKnownFileType = folder.assetcatalog; path = Assets.xcassets; sourceTree = "<group>"; };
		9342C7482156F46400CB4EAD /* Base */ = {isa = PBXFileReference; lastKnownFileType = file.storyboard; name = Base; path = Base.lproj/LaunchScreen.storyboard; sourceTree = "<group>"; };
		9342C74A2156F46400CB4EAD /* Info.plist */ = {isa = PBXFileReference; lastKnownFileType = text.plist.xml; path = Info.plist; sourceTree = "<group>"; };
		9342C74F2156F46500CB4EAD /* TestProjDemo1Tests.xctest */ = {isa = PBXFileReference; explicitFileType = wrapper.cfbundle; includeInIndex = 0; path = TestProjDemo1Tests.xctest; sourceTree = BUILT_PRODUCTS_DIR; };
		9342C7532156F46500CB4EAD /* TestProjDemo1Tests.swift */ = {isa = PBXFileReference; lastKnownFileType = sourcecode.swift; path = TestProjDemo1Tests.swift; sourceTree = "<group>"; };
		9342C7552156F46500CB4EAD /* Info.plist */ = {isa = PBXFileReference; lastKnownFileType = text.plist.xml; path = Info.plist; sourceTree = "<group>"; };
		9342C75A2156F46500CB4EAD /* TestProjDemo1UITests.xctest */ = {isa = PBXFileReference; explicitFileType = wrapper.cfbundle; includeInIndex = 0; path = TestProjDemo1UITests.xctest; sourceTree = BUILT_PRODUCTS_DIR; };
		9342C75E2156F46500CB4EAD /* TestProjDemo1UITests.swift */ = {isa = PBXFileReference; lastKnownFileType = sourcecode.swift; path = TestProjDemo1UITests.swift; sourceTree = "<group>"; };
		9342C7602156F46500CB4EAD /* Info.plist */ = {isa = PBXFileReference; lastKnownFileType = text.plist.xml; path = Info.plist; sourceTree = "<group>"; };
		984E9CB9E1ED11A9A48AD9A8 /* Pods_TestProjDemo1.framework */ = {isa = PBXFileReference; explicitFileType = wrapper.framework; includeInIndex = 0; path = Pods_TestProjDemo1.framework; sourceTree = BUILT_PRODUCTS_DIR; };
		CD91D401A813BFC7999E7AE4 /* Pods_TestProjDemo1UITests.framework */ = {isa = PBXFileReference; explicitFileType = wrapper.framework; includeInIndex = 0; path = Pods_TestProjDemo1UITests.framework; sourceTree = BUILT_PRODUCTS_DIR; };
		CEF9EDBB2C87F17606F9C3A7 /* Pods-TestProjDemo1UITests.release.xcconfig */ = {isa = PBXFileReference; includeInIndex = 1; lastKnownFileType = text.xcconfig; name = "Pods-TestProjDemo1UITests.release.xcconfig"; path = "Pods/Target Support Files/Pods-TestProjDemo1UITests/Pods-TestProjDemo1UITests.release.xcconfig"; sourceTree = "<group>"; };
		F5143B6DD7729DDD0433D55E /* Pods-TestProjDemo1.debug.xcconfig */ = {isa = PBXFileReference; includeInIndex = 1; lastKnownFileType = text.xcconfig; name = "Pods-TestProjDemo1.debug.xcconfig"; path = "Pods/Target Support Files/Pods-TestProjDemo1/Pods-TestProjDemo1.debug.xcconfig"; sourceTree = "<group>"; };
/* End PBXFileReference section */

/* Begin PBXFrameworksBuildPhase section */
		9342C7382156F46400CB4EAD /* Frameworks */ = {
			isa = PBXFrameworksBuildPhase;
			buildActionMask = 2147483647;
			files = (
				559687B28904BE98508FB36A /* Pods_TestProjDemo1.framework in Frameworks */,
			);
			runOnlyForDeploymentPostprocessing = 0;
		};
		9342C74C2156F46500CB4EAD /* Frameworks */ = {
			isa = PBXFrameworksBuildPhase;
			buildActionMask = 2147483647;
			files = (
				C28697BA088624489586C972 /* Pods_TestProjDemo1Tests.framework in Frameworks */,
			);
			runOnlyForDeploymentPostprocessing = 0;
		};
		9342C7572156F46500CB4EAD /* Frameworks */ = {
			isa = PBXFrameworksBuildPhase;
			buildActionMask = 2147483647;
			files = (
				3E079D02C1FE0D74DD14F866 /* Pods_TestProjDemo1UITests.framework in Frameworks */,
			);
			runOnlyForDeploymentPostprocessing = 0;
		};
/* End PBXFrameworksBuildPhase section */

/* Begin PBXGroup section */
		49380604EED5734B292721A4 /* Pods */ = {
			isa = PBXGroup;
			children = (
				F5143B6DD7729DDD0433D55E /* Pods-TestProjDemo1.debug.xcconfig */,
				2B33EDAB6E404934EB92ABDE /* Pods-TestProjDemo1.release.xcconfig */,
				036C1CAADA18EFC901C84B72 /* Pods-TestProjDemo1Tests.debug.xcconfig */,
				16B9CBEF2D5FAF30A6CD2C2C /* Pods-TestProjDemo1Tests.release.xcconfig */,
				63864433C5DD79AD09B16B6A /* Pods-TestProjDemo1UITests.debug.xcconfig */,
				CEF9EDBB2C87F17606F9C3A7 /* Pods-TestProjDemo1UITests.release.xcconfig */,
			);
			name = Pods;
			sourceTree = "<group>";
		};
		9342C7322156F46400CB4EAD = {
			isa = PBXGroup;
			children = (
				9342C73D2156F46400CB4EAD /* TestProjDemo1 */,
				9342C7522156F46500CB4EAD /* TestProjDemo1Tests */,
				9342C75D2156F46500CB4EAD /* TestProjDemo1UITests */,
				9342C73C2156F46400CB4EAD /* Products */,
				49380604EED5734B292721A4 /* Pods */,
				C204CD4BF5768AC25D827B29 /* Frameworks */,
			);
			sourceTree = "<group>";
		};
		9342C73C2156F46400CB4EAD /* Products */ = {
			isa = PBXGroup;
			children = (
				9342C73B2156F46400CB4EAD /* TestProjDemo1.app */,
				9342C74F2156F46500CB4EAD /* TestProjDemo1Tests.xctest */,
				9342C75A2156F46500CB4EAD /* TestProjDemo1UITests.xctest */,
			);
			name = Products;
			sourceTree = "<group>";
		};
		9342C73D2156F46400CB4EAD /* TestProjDemo1 */ = {
			isa = PBXGroup;
			children = (
				9342C73E2156F46400CB4EAD /* AppDelegate.swift */,
				9342C7402156F46400CB4EAD /* ViewController.swift */,
				9342C7422156F46400CB4EAD /* Main.storyboard */,
				9342C7452156F46400CB4EAD /* Assets.xcassets */,
				9342C7472156F46400CB4EAD /* LaunchScreen.storyboard */,
				9342C74A2156F46400CB4EAD /* Info.plist */,
			);
			path = TestProjDemo1;
			sourceTree = "<group>";
		};
		9342C7522156F46500CB4EAD /* TestProjDemo1Tests */ = {
			isa = PBXGroup;
			children = (
				9342C7532156F46500CB4EAD /* TestProjDemo1Tests.swift */,
				9342C7552156F46500CB4EAD /* Info.plist */,
			);
			path = TestProjDemo1Tests;
			sourceTree = "<group>";
		};
		9342C75D2156F46500CB4EAD /* TestProjDemo1UITests */ = {
			isa = PBXGroup;
			children = (
				9342C75E2156F46500CB4EAD /* TestProjDemo1UITests.swift */,
				9342C7602156F46500CB4EAD /* Info.plist */,
			);
			path = TestProjDemo1UITests;
			sourceTree = "<group>";
		};
		C204CD4BF5768AC25D827B29 /* Frameworks */ = {
			isa = PBXGroup;
			children = (
				984E9CB9E1ED11A9A48AD9A8 /* Pods_TestProjDemo1.framework */,
				6666B91F8518BD8D3A7AC803 /* Pods_TestProjDemo1Tests.framework */,
				CD91D401A813BFC7999E7AE4 /* Pods_TestProjDemo1UITests.framework */,
			);
			name = Frameworks;
			sourceTree = "<group>";
		};
/* End PBXGroup section */

/* Begin PBXNativeTarget section */
		9342C73A2156F46400CB4EAD /* TestProjDemo1 */ = {
			isa = PBXNativeTarget;
			buildConfigurationList = 9342C7632156F46500CB4EAD /* Build configuration list for PBXNativeTarget "TestProjDemo1" */;
			buildPhases = (
				6B25AF4C6792B992778ADF95 /* [CP] Check Pods Manifest.lock */,
				9342C7372156F46400CB4EAD /* Sources */,
				9342C7382156F46400CB4EAD /* Frameworks */,
				9342C7392156F46400CB4EAD /* Resources */,
			);
			buildRules = (
			);
			dependencies = (
			);
			name = TestProjDemo1;
			productName = TestProjDemo1;
			productReference = 9342C73B2156F46400CB4EAD /* TestProjDemo1.app */;
			productType = "com.apple.product-type.application";
		};
		9342C74E2156F46500CB4EAD /* TestProjDemo1Tests */ = {
			isa = PBXNativeTarget;
			buildConfigurationList = 9342C7662156F46500CB4EAD /* Build configuration list for PBXNativeTarget "TestProjDemo1Tests" */;
			buildPhases = (
				525E7BDF2F3D9D0EF99092B0 /* [CP] Check Pods Manifest.lock */,
				9342C74B2156F46500CB4EAD /* Sources */,
				9342C74C2156F46500CB4EAD /* Frameworks */,
				9342C74D2156F46500CB4EAD /* Resources */,
				5B63C6A344FECE595CC1012E /* [CP] Embed Pods Frameworks */,
			);
			buildRules = (
			);
			dependencies = (
				9342C7512156F46500CB4EAD /* PBXTargetDependency */,
			);
			name = TestProjDemo1Tests;
			productName = TestProjDemo1Tests;
			productReference = 9342C74F2156F46500CB4EAD /* TestProjDemo1Tests.xctest */;
			productType = "com.apple.product-type.bundle.unit-test";
		};
		9342C7592156F46500CB4EAD /* TestProjDemo1UITests */ = {
			isa = PBXNativeTarget;
			buildConfigurationList = 9342C7692156F46500CB4EAD /* Build configuration list for PBXNativeTarget "TestProjDemo1UITests" */;
			buildPhases = (
				DDCFB0425D546F4F9A4919EA /* [CP] Check Pods Manifest.lock */,
				9342C7562156F46500CB4EAD /* Sources */,
				9342C7572156F46500CB4EAD /* Frameworks */,
				9342C7582156F46500CB4EAD /* Resources */,
				26E1DBC26EEFF625B8EB284D /* [CP] Embed Pods Frameworks */,
			);
			buildRules = (
			);
			dependencies = (
				9342C75C2156F46500CB4EAD /* PBXTargetDependency */,
			);
			name = TestProjDemo1UITests;
			productName = TestProjDemo1UITests;
			productReference = 9342C75A2156F46500CB4EAD /* TestProjDemo1UITests.xctest */;
			productType = "com.apple.product-type.bundle.ui-testing";
		};
/* End PBXNativeTarget section */

/* Begin PBXProject section */
		9342C7332156F46400CB4EAD /* Project object */ = {
			isa = PBXProject;
			attributes = {
				LastSwiftUpdateCheck = 0940;
				LastUpgradeCheck = 0940;
				ORGANIZATIONNAME = AppVentures;
				TargetAttributes = {
					9342C73A2156F46400CB4EAD = {
						CreatedOnToolsVersion = 9.4.1;
					};
					9342C74E2156F46500CB4EAD = {
						CreatedOnToolsVersion = 9.4.1;
						TestTargetID = 9342C73A2156F46400CB4EAD;
					};
					9342C7592156F46500CB4EAD = {
						CreatedOnToolsVersion = 9.4.1;
						TestTargetID = 9342C73A2156F46400CB4EAD;
					};
				};
			};
			buildConfigurationList = 9342C7362156F46400CB4EAD /* Build configuration list for PBXProject "TestProjDemo1" */;
			compatibilityVersion = "Xcode 9.3";
			developmentRegion = en;
			hasScannedForEncodings = 0;
			knownRegions = (
				en,
				Base,
			);
			mainGroup = 9342C7322156F46400CB4EAD;
			productRefGroup = 9342C73C2156F46400CB4EAD /* Products */;
			projectDirPath = "";
			projectRoot = "";
			targets = (
				9342C73A2156F46400CB4EAD /* TestProjDemo1 */,
				9342C74E2156F46500CB4EAD /* TestProjDemo1Tests */,
				9342C7592156F46500CB4EAD /* TestProjDemo1UITests */,
			);
		};
/* End PBXProject section */

/* Begin PBXResourcesBuildPhase section */
		9342C7392156F46400CB4EAD /* Resources */ = {
			isa = PBXResourcesBuildPhase;
			buildActionMask = 2147483647;
			files = (
				9342C7492156F46400CB4EAD /* LaunchScreen.storyboard in Resources */,
				9342C7462156F46400CB4EAD /* Assets.xcassets in Resources */,
				9342C7442156F46400CB4EAD /* Main.storyboard in Resources */,
			);
			runOnlyForDeploymentPostprocessing = 0;
		};
		9342C74D2156F46500CB4EAD /* Resources */ = {
			isa = PBXResourcesBuildPhase;
			buildActionMask = 2147483647;
			files = (
			);
			runOnlyForDeploymentPostprocessing = 0;
		};
		9342C7582156F46500CB4EAD /* Resources */ = {
			isa = PBXResourcesBuildPhase;
			buildActionMask = 2147483647;
			files = (
			);
			runOnlyForDeploymentPostprocessing = 0;
		};
/* End PBXResourcesBuildPhase section */

/* Begin PBXShellScriptBuildPhase section */
		26E1DBC26EEFF625B8EB284D /* [CP] Embed Pods Frameworks */ = {
			isa = PBXShellScriptBuildPhase;
			buildActionMask = 2147483647;
			files = (
			);
			inputPaths = (
				"${SRCROOT}/Pods/Target Support Files/Pods-TestProjDemo1UITests/Pods-TestProjDemo1UITests-frameworks.sh",
				"${BUILT_PRODUCTS_DIR}/Nimble/Nimble.framework",
				"${BUILT_PRODUCTS_DIR}/Quick/Quick.framework",
			);
			name = "[CP] Embed Pods Frameworks";
			outputPaths = (
				"${TARGET_BUILD_DIR}/${FRAMEWORKS_FOLDER_PATH}/Nimble.framework",
				"${TARGET_BUILD_DIR}/${FRAMEWORKS_FOLDER_PATH}/Quick.framework",
			);
			runOnlyForDeploymentPostprocessing = 0;
			shellPath = /bin/sh;
			shellScript = "\"${SRCROOT}/Pods/Target Support Files/Pods-TestProjDemo1UITests/Pods-TestProjDemo1UITests-frameworks.sh\"\n";
			showEnvVarsInLog = 0;
		};
		525E7BDF2F3D9D0EF99092B0 /* [CP] Check Pods Manifest.lock */ = {
			isa = PBXShellScriptBuildPhase;
			buildActionMask = 2147483647;
			files = (
			);
			inputPaths = (
				"${PODS_PODFILE_DIR_PATH}/Podfile.lock",
				"${PODS_ROOT}/Manifest.lock",
			);
			name = "[CP] Check Pods Manifest.lock";
			outputPaths = (
				"$(DERIVED_FILE_DIR)/Pods-TestProjDemo1Tests-checkManifestLockResult.txt",
			);
			runOnlyForDeploymentPostprocessing = 0;
			shellPath = /bin/sh;
			shellScript = "diff \"${PODS_PODFILE_DIR_PATH}/Podfile.lock\" \"${PODS_ROOT}/Manifest.lock\" > /dev/null\nif [ $? != 0 ] ; then\n    # print error to STDERR\n    echo \"error: The sandbox is not in sync with the Podfile.lock. Run 'pod install' or update your CocoaPods installation.\" >&2\n    exit 1\nfi\n# This output is used by Xcode 'outputs' to avoid re-running this script phase.\necho \"SUCCESS\" > \"${SCRIPT_OUTPUT_FILE_0}\"\n";
			showEnvVarsInLog = 0;
		};
		5B63C6A344FECE595CC1012E /* [CP] Embed Pods Frameworks */ = {
			isa = PBXShellScriptBuildPhase;
			buildActionMask = 2147483647;
			files = (
			);
			inputPaths = (
				"${SRCROOT}/Pods/Target Support Files/Pods-TestProjDemo1Tests/Pods-TestProjDemo1Tests-frameworks.sh",
				"${BUILT_PRODUCTS_DIR}/Nimble/Nimble.framework",
				"${BUILT_PRODUCTS_DIR}/Quick/Quick.framework",
			);
			name = "[CP] Embed Pods Frameworks";
			outputPaths = (
				"${TARGET_BUILD_DIR}/${FRAMEWORKS_FOLDER_PATH}/Nimble.framework",
				"${TARGET_BUILD_DIR}/${FRAMEWORKS_FOLDER_PATH}/Quick.framework",
			);
			runOnlyForDeploymentPostprocessing = 0;
			shellPath = /bin/sh;
			shellScript = "\"${SRCROOT}/Pods/Target Support Files/Pods-TestProjDemo1Tests/Pods-TestProjDemo1Tests-frameworks.sh\"\n";
			showEnvVarsInLog = 0;
		};
		6B25AF4C6792B992778ADF95 /* [CP] Check Pods Manifest.lock */ = {
			isa = PBXShellScriptBuildPhase;
			buildActionMask = 2147483647;
			files = (
			);
			inputPaths = (
				"${PODS_PODFILE_DIR_PATH}/Podfile.lock",
				"${PODS_ROOT}/Manifest.lock",
			);
			name = "[CP] Check Pods Manifest.lock";
			outputPaths = (
				"$(DERIVED_FILE_DIR)/Pods-TestProjDemo1-checkManifestLockResult.txt",
			);
			runOnlyForDeploymentPostprocessing = 0;
			shellPath = /bin/sh;
			shellScript = "diff \"${PODS_PODFILE_DIR_PATH}/Podfile.lock\" \"${PODS_ROOT}/Manifest.lock\" > /dev/null\nif [ $? != 0 ] ; then\n    # print error to STDERR\n    echo \"error: The sandbox is not in sync with the Podfile.lock. Run 'pod install' or update your CocoaPods installation.\" >&2\n    exit 1\nfi\n# This output is used by Xcode 'outputs' to avoid re-running this script phase.\necho \"SUCCESS\" > \"${SCRIPT_OUTPUT_FILE_0}\"\n";
			showEnvVarsInLog = 0;
		};
		DDCFB0425D546F4F9A4919EA /* [CP] Check Pods Manifest.lock */ = {
			isa = PBXShellScriptBuildPhase;
			buildActionMask = 2147483647;
			files = (
			);
			inputPaths = (
				"${PODS_PODFILE_DIR_PATH}/Podfile.lock",
				"${PODS_ROOT}/Manifest.lock",
			);
			name = "[CP] Check Pods Manifest.lock";
			outputPaths = (
				"$(DERIVED_FILE_DIR)/Pods-TestProjDemo1UITests-checkManifestLockResult.txt",
			);
			runOnlyForDeploymentPostprocessing = 0;
			shellPath = /bin/sh;
			shellScript = "diff \"${PODS_PODFILE_DIR_PATH}/Podfile.lock\" \"${PODS_ROOT}/Manifest.lock\" > /dev/null\nif [ $? != 0 ] ; then\n    # print error to STDERR\n    echo \"error: The sandbox is not in sync with the Podfile.lock. Run 'pod install' or update your CocoaPods installation.\" >&2\n    exit 1\nfi\n# This output is used by Xcode 'outputs' to avoid re-running this script phase.\necho \"SUCCESS\" > \"${SCRIPT_OUTPUT_FILE_0}\"\n";
			showEnvVarsInLog = 0;
		};
/* End PBXShellScriptBuildPhase section */

/* Begin PBXSourcesBuildPhase section */
		9342C7372156F46400CB4EAD /* Sources */ = {
			isa = PBXSourcesBuildPhase;
			buildActionMask = 2147483647;
			files = (
				9342C7412156F46400CB4EAD /* ViewController.swift in Sources */,
				9342C73F2156F46400CB4EAD /* AppDelegate.swift in Sources */,
			);
			runOnlyForDeploymentPostprocessing = 0;
		};
		9342C74B2156F46500CB4EAD /* Sources */ = {
			isa = PBXSourcesBuildPhase;
			buildActionMask = 2147483647;
			files = (
				9342C7542156F46500CB4EAD /* TestProjDemo1Tests.swift in Sources */,
			);
			runOnlyForDeploymentPostprocessing = 0;
		};
		9342C7562156F46500CB4EAD /* Sources */ = {
			isa = PBXSourcesBuildPhase;
			buildActionMask = 2147483647;
			files = (
				9342C75F2156F46500CB4EAD /* TestProjDemo1UITests.swift in Sources */,
			);
			runOnlyForDeploymentPostprocessing = 0;
		};
/* End PBXSourcesBuildPhase section */

/* Begin PBXTargetDependency section */
		9342C7512156F46500CB4EAD /* PBXTargetDependency */ = {
			isa = PBXTargetDependency;
			target = 9342C73A2156F46400CB4EAD /* TestProjDemo1 */;
			targetProxy = 9342C7502156F46500CB4EAD /* PBXContainerItemProxy */;
		};
		9342C75C2156F46500CB4EAD /* PBXTargetDependency */ = {
			isa = PBXTargetDependency;
			target = 9342C73A2156F46400CB4EAD /* TestProjDemo1 */;
			targetProxy = 9342C75B2156F46500CB4EAD /* PBXContainerItemProxy */;
		};
/* End PBXTargetDependency section */

/* Begin PBXVariantGroup section */
		9342C7422156F46400CB4EAD /* Main.storyboard */ = {
			isa = PBXVariantGroup;
			children = (
				9342C7432156F46400CB4EAD /* Base */,
			);
			name = Main.storyboard;
			sourceTree = "<group>";
		};
		9342C7472156F46400CB4EAD /* LaunchScreen.storyboard */ = {
			isa = PBXVariantGroup;
			children = (
				9342C7482156F46400CB4EAD /* Base */,
			);
			name = LaunchScreen.storyboard;
			sourceTree = "<group>";
		};
/* End PBXVariantGroup section */

/* Begin XCBuildConfiguration section */
		9342C7612156F46500CB4EAD /* Debug */ = {
			isa = XCBuildConfiguration;
			buildSettings = {
				ALWAYS_SEARCH_USER_PATHS = NO;
				CLANG_ANALYZER_NONNULL = YES;
				CLANG_ANALYZER_NUMBER_OBJECT_CONVERSION = YES_AGGRESSIVE;
				CLANG_CXX_LANGUAGE_STANDARD = "gnu++14";
				CLANG_CXX_LIBRARY = "libc++";
				CLANG_ENABLE_MODULES = YES;
				CLANG_ENABLE_OBJC_ARC = YES;
				CLANG_ENABLE_OBJC_WEAK = YES;
				CLANG_WARN_BLOCK_CAPTURE_AUTORELEASING = YES;
				CLANG_WARN_BOOL_CONVERSION = YES;
				CLANG_WARN_COMMA = YES;
				CLANG_WARN_CONSTANT_CONVERSION = YES;
				CLANG_WARN_DEPRECATED_OBJC_IMPLEMENTATIONS = YES;
				CLANG_WARN_DIRECT_OBJC_ISA_USAGE = YES_ERROR;
				CLANG_WARN_DOCUMENTATION_COMMENTS = YES;
				CLANG_WARN_EMPTY_BODY = YES;
				CLANG_WARN_ENUM_CONVERSION = YES;
				CLANG_WARN_INFINITE_RECURSION = YES;
				CLANG_WARN_INT_CONVERSION = YES;
				CLANG_WARN_NON_LITERAL_NULL_CONVERSION = YES;
				CLANG_WARN_OBJC_IMPLICIT_RETAIN_SELF = YES;
				CLANG_WARN_OBJC_LITERAL_CONVERSION = YES;
				CLANG_WARN_OBJC_ROOT_CLASS = YES_ERROR;
				CLANG_WARN_RANGE_LOOP_ANALYSIS = YES;
				CLANG_WARN_STRICT_PROTOTYPES = YES;
				CLANG_WARN_SUSPICIOUS_MOVE = YES;
				CLANG_WARN_UNGUARDED_AVAILABILITY = YES_AGGRESSIVE;
				CLANG_WARN_UNREACHABLE_CODE = YES;
				CLANG_WARN__DUPLICATE_METHOD_MATCH = YES;
				CODE_SIGN_IDENTITY = "iPhone Developer";
				COPY_PHASE_STRIP = NO;
				DEBUG_INFORMATION_FORMAT = dwarf;
				ENABLE_STRICT_OBJC_MSGSEND = YES;
				ENABLE_TESTABILITY = YES;
				GCC_C_LANGUAGE_STANDARD = gnu11;
				GCC_DYNAMIC_NO_PIC = NO;
				GCC_NO_COMMON_BLOCKS = YES;
				GCC_OPTIMIZATION_LEVEL = 0;
				GCC_PREPROCESSOR_DEFINITIONS = (
					"DEBUG=1",
					"$(inherited)",
				);
				GCC_WARN_64_TO_32_BIT_CONVERSION = YES;
				GCC_WARN_ABOUT_RETURN_TYPE = YES_ERROR;
				GCC_WARN_UNDECLARED_SELECTOR = YES;
				GCC_WARN_UNINITIALIZED_AUTOS = YES_AGGRESSIVE;
				GCC_WARN_UNUSED_FUNCTION = YES;
				GCC_WARN_UNUSED_VARIABLE = YES;
				IPHONEOS_DEPLOYMENT_TARGET = 11.4;
				MTL_ENABLE_DEBUG_INFO = YES;
				ONLY_ACTIVE_ARCH = YES;
				SDKROOT = iphoneos;
				SWIFT_ACTIVE_COMPILATION_CONDITIONS = DEBUG;
				SWIFT_OPTIMIZATION_LEVEL = "-Onone";
			};
			name = Debug;
		};
		9342C7622156F46500CB4EAD /* Release */ = {
			isa = XCBuildConfiguration;
			buildSettings = {
				ALWAYS_SEARCH_USER_PATHS = NO;
				CLANG_ANALYZER_NONNULL = YES;
				CLANG_ANALYZER_NUMBER_OBJECT_CONVERSION = YES_AGGRESSIVE;
				CLANG_CXX_LANGUAGE_STANDARD = "gnu++14";
				CLANG_CXX_LIBRARY = "libc++";
				CLANG_ENABLE_MODULES = YES;
				CLANG_ENABLE_OBJC_ARC = YES;
				CLANG_ENABLE_OBJC_WEAK = YES;
				CLANG_WARN_BLOCK_CAPTURE_AUTORELEASING = YES;
				CLANG_WARN_BOOL_CONVERSION = YES;
				CLANG_WARN_COMMA = YES;
				CLANG_WARN_CONSTANT_CONVERSION = YES;
				CLANG_WARN_DEPRECATED_OBJC_IMPLEMENTATIONS = YES;
				CLANG_WARN_DIRECT_OBJC_ISA_USAGE = YES_ERROR;
				CLANG_WARN_DOCUMENTATION_COMMENTS = YES;
				CLANG_WARN_EMPTY_BODY = YES;
				CLANG_WARN_ENUM_CONVERSION = YES;
				CLANG_WARN_INFINITE_RECURSION = YES;
				CLANG_WARN_INT_CONVERSION = YES;
				CLANG_WARN_NON_LITERAL_NULL_CONVERSION = YES;
				CLANG_WARN_OBJC_IMPLICIT_RETAIN_SELF = YES;
				CLANG_WARN_OBJC_LITERAL_CONVERSION = YES;
				CLANG_WARN_OBJC_ROOT_CLASS = YES_ERROR;
				CLANG_WARN_RANGE_LOOP_ANALYSIS = YES;
				CLANG_WARN_STRICT_PROTOTYPES = YES;
				CLANG_WARN_SUSPICIOUS_MOVE = YES;
				CLANG_WARN_UNGUARDED_AVAILABILITY = YES_AGGRESSIVE;
				CLANG_WARN_UNREACHABLE_CODE = YES;
				CLANG_WARN__DUPLICATE_METHOD_MATCH = YES;
				CODE_SIGN_IDENTITY = "iPhone Developer";
				COPY_PHASE_STRIP = NO;
				DEBUG_INFORMATION_FORMAT = "dwarf-with-dsym";
				ENABLE_NS_ASSERTIONS = NO;
				ENABLE_STRICT_OBJC_MSGSEND = YES;
				GCC_C_LANGUAGE_STANDARD = gnu11;
				GCC_NO_COMMON_BLOCKS = YES;
				GCC_WARN_64_TO_32_BIT_CONVERSION = YES;
				GCC_WARN_ABOUT_RETURN_TYPE = YES_ERROR;
				GCC_WARN_UNDECLARED_SELECTOR = YES;
				GCC_WARN_UNINITIALIZED_AUTOS = YES_AGGRESSIVE;
				GCC_WARN_UNUSED_FUNCTION = YES;
				GCC_WARN_UNUSED_VARIABLE = YES;
				IPHONEOS_DEPLOYMENT_TARGET = 11.4;
				MTL_ENABLE_DEBUG_INFO = NO;
				SDKROOT = iphoneos;
				SWIFT_COMPILATION_MODE = wholemodule;
				SWIFT_OPTIMIZATION_LEVEL = "-O";
				VALIDATE_PRODUCT = YES;
			};
			name = Release;
		};
		9342C7642156F46500CB4EAD /* Debug */ = {
			isa = XCBuildConfiguration;
			baseConfigurationReference = F5143B6DD7729DDD0433D55E /* Pods-TestProjDemo1.debug.xcconfig */;
			buildSettings = {
				ASSETCATALOG_COMPILER_APPICON_NAME = AppIcon;
				CODE_SIGN_STYLE = Manual;
				CURRENT_PROJECT_VERSION = 3;
				DEVELOPMENT_TEAM = Q6T9TG3H55;
				INFOPLIST_FILE = TestProjDemo1/Info.plist;
				LD_RUNPATH_SEARCH_PATHS = (
					"$(inherited)",
					"@executable_path/Frameworks",
				);
				PRODUCT_BUNDLE_IDENTIFIER = com.AppVentures.TestProjDemo2;
				PRODUCT_NAME = "$(TARGET_NAME)";
				PROVISIONING_PROFILE = "f26aa75a-4267-4392-ba99-c0ad453a72dc";
				PROVISIONING_PROFILE_SPECIFIER = "match Development com.AppVentures.*";
				SWIFT_VERSION = 4.0;
				TARGETED_DEVICE_FAMILY = "1,2";
				VERSIONING_SYSTEM = "apple-generic";
			};
			name = Debug;
		};
		9342C7652156F46500CB4EAD /* Release */ = {
			isa = XCBuildConfiguration;
			baseConfigurationReference = 2B33EDAB6E404934EB92ABDE /* Pods-TestProjDemo1.release.xcconfig */;
			buildSettings = {
				ASSETCATALOG_COMPILER_APPICON_NAME = AppIcon;
				CODE_SIGN_IDENTITY = "iPhone Distribution";
				CODE_SIGN_STYLE = Manual;
				CURRENT_PROJECT_VERSION = 3;
				DEVELOPMENT_TEAM = Q6T9TG3H55;
				INFOPLIST_FILE = TestProjDemo1/Info.plist;
				LD_RUNPATH_SEARCH_PATHS = (
					"$(inherited)",
					"@executable_path/Frameworks",
				);
				PRODUCT_BUNDLE_IDENTIFIER = com.AppVentures.TestProjDemo2;
				PRODUCT_NAME = "$(TARGET_NAME)";
				PROVISIONING_PROFILE = "aeab03ff-cad5-40ee-892d-871bdd31a24b";
				PROVISIONING_PROFILE_SPECIFIER = "match AppStore com.AppVentures.*";
				SWIFT_VERSION = 4.0;
				TARGETED_DEVICE_FAMILY = "1,2";
				VERSIONING_SYSTEM = "apple-generic";
			};
			name = Release;
		};
		9342C7672156F46500CB4EAD /* Debug */ = {
			isa = XCBuildConfiguration;
			baseConfigurationReference = 036C1CAADA18EFC901C84B72 /* Pods-TestProjDemo1Tests.debug.xcconfig */;
			buildSettings = {
				ALWAYS_EMBED_SWIFT_STANDARD_LIBRARIES = YES;
				BUNDLE_LOADER = "$(TEST_HOST)";
				CODE_SIGN_STYLE = Automatic;
				CURRENT_PROJECT_VERSION = 3;
				DEVELOPMENT_TEAM = 77QB78PHPH;
				INFOPLIST_FILE = TestProjDemo1Tests/Info.plist;
				LD_RUNPATH_SEARCH_PATHS = (
					"$(inherited)",
					"@executable_path/Frameworks",
					"@loader_path/Frameworks",
				);
				PRODUCT_BUNDLE_IDENTIFIER = com.AppVentures.TestProjDemo1Tests;
				PRODUCT_NAME = "$(TARGET_NAME)";
				SWIFT_VERSION = 4.0;
				TARGETED_DEVICE_FAMILY = "1,2";
				TEST_HOST = "$(BUILT_PRODUCTS_DIR)/TestProjDemo1.app/TestProjDemo1";
				VERSIONING_SYSTEM = "apple-generic";
			};
			name = Debug;
		};
		9342C7682156F46500CB4EAD /* Release */ = {
			isa = XCBuildConfiguration;
			baseConfigurationReference = 16B9CBEF2D5FAF30A6CD2C2C /* Pods-TestProjDemo1Tests.release.xcconfig */;
			buildSettings = {
				ALWAYS_EMBED_SWIFT_STANDARD_LIBRARIES = YES;
				BUNDLE_LOADER = "$(TEST_HOST)";
				CODE_SIGN_STYLE = Automatic;
				CURRENT_PROJECT_VERSION = 3;
				DEVELOPMENT_TEAM = 77QB78PHPH;
				INFOPLIST_FILE = TestProjDemo1Tests/Info.plist;
				LD_RUNPATH_SEARCH_PATHS = (
					"$(inherited)",
					"@executable_path/Frameworks",
					"@loader_path/Frameworks",
				);
				PRODUCT_BUNDLE_IDENTIFIER = com.AppVentures.TestProjDemo1Tests;
				PRODUCT_NAME = "$(TARGET_NAME)";
				SWIFT_VERSION = 4.0;
				TARGETED_DEVICE_FAMILY = "1,2";
				TEST_HOST = "$(BUILT_PRODUCTS_DIR)/TestProjDemo1.app/TestProjDemo1";
				VERSIONING_SYSTEM = "apple-generic";
			};
			name = Release;
		};
		9342C76A2156F46500CB4EAD /* Debug */ = {
			isa = XCBuildConfiguration;
			baseConfigurationReference = 63864433C5DD79AD09B16B6A /* Pods-TestProjDemo1UITests.debug.xcconfig */;
			buildSettings = {
				ALWAYS_EMBED_SWIFT_STANDARD_LIBRARIES = YES;
				CODE_SIGN_STYLE = Automatic;
				CURRENT_PROJECT_VERSION = 3;
				DEVELOPMENT_TEAM = 77QB78PHPH;
				INFOPLIST_FILE = TestProjDemo1UITests/Info.plist;
				LD_RUNPATH_SEARCH_PATHS = (
					"$(inherited)",
					"@executable_path/Frameworks",
					"@loader_path/Frameworks",
				);
				PRODUCT_BUNDLE_IDENTIFIER = com.AppVentures.TestProjDemo1UITests;
				PRODUCT_NAME = "$(TARGET_NAME)";
				SWIFT_VERSION = 4.0;
				TARGETED_DEVICE_FAMILY = "1,2";
				TEST_TARGET_NAME = TestProjDemo1;
				VERSIONING_SYSTEM = "apple-generic";
			};
			name = Debug;
		};
		9342C76B2156F46500CB4EAD /* Release */ = {
			isa = XCBuildConfiguration;
			baseConfigurationReference = CEF9EDBB2C87F17606F9C3A7 /* Pods-TestProjDemo1UITests.release.xcconfig */;
			buildSettings = {
				ALWAYS_EMBED_SWIFT_STANDARD_LIBRARIES = YES;
				CODE_SIGN_STYLE = Automatic;
				CURRENT_PROJECT_VERSION = 3;
				DEVELOPMENT_TEAM = 77QB78PHPH;
				INFOPLIST_FILE = TestProjDemo1UITests/Info.plist;
				LD_RUNPATH_SEARCH_PATHS = (
					"$(inherited)",
					"@executable_path/Frameworks",
					"@loader_path/Frameworks",
				);
				PRODUCT_BUNDLE_IDENTIFIER = com.AppVentures.TestProjDemo1UITests;
				PRODUCT_NAME = "$(TARGET_NAME)";
				SWIFT_VERSION = 4.0;
				TARGETED_DEVICE_FAMILY = "1,2";
				TEST_TARGET_NAME = TestProjDemo1;
				VERSIONING_SYSTEM = "apple-generic";
			};
			name = Release;
		};
/* End XCBuildConfiguration section */

/* Begin XCConfigurationList section */
		9342C7362156F46400CB4EAD /* Build configuration list for PBXProject "TestProjDemo1" */ = {
			isa = XCConfigurationList;
			buildConfigurations = (
				9342C7612156F46500CB4EAD /* Debug */,
				9342C7622156F46500CB4EAD /* Release */,
			);
			defaultConfigurationIsVisible = 0;
			defaultConfigurationName = Release;
		};
		9342C7632156F46500CB4EAD /* Build configuration list for PBXNativeTarget "TestProjDemo1" */ = {
			isa = XCConfigurationList;
			buildConfigurations = (
				9342C7642156F46500CB4EAD /* Debug */,
				9342C7652156F46500CB4EAD /* Release */,
			);
			defaultConfigurationIsVisible = 0;
			defaultConfigurationName = Release;
		};
		9342C7662156F46500CB4EAD /* Build configuration list for PBXNativeTarget "TestProjDemo1Tests" */ = {
			isa = XCConfigurationList;
			buildConfigurations = (
				9342C7672156F46500CB4EAD /* Debug */,
				9342C7682156F46500CB4EAD /* Release */,
			);
			defaultConfigurationIsVisible = 0;
			defaultConfigurationName = Release;
		};
		9342C7692156F46500CB4EAD /* Build configuration list for PBXNativeTarget "TestProjDemo1UITests" */ = {
			isa = XCConfigurationList;
			buildConfigurations = (
				9342C76A2156F46500CB4EAD /* Debug */,
				9342C76B2156F46500CB4EAD /* Release */,
			);
			defaultConfigurationIsVisible = 0;
			defaultConfigurationName = Release;
		};
/* End XCConfigurationList section */
	};
	rootObject = 9342C7332156F46400CB4EAD /* Project object */;
}
